
Microsoft Visual Studio Solution File, Format Version 12.00
# Visual Studio Version 17
VisualStudioVersion = 17.0.31903.59
MinimumVisualStudioVersion = 10.0.40219.1
Project("{2150E333-8FDC-42A3-9474-1A3956D46DE8}") = "src", "src", "{827E0CD3-B72D-47B6-A68D-7590B98EB39B}"
EndProject
Project("{FAE04EC0-301F-11D3-BF4B-00C04F79EFBC}") = "BFB.AWSS3Light.Abstractions", "src\BFB.AWSS3Light.Abstractions\BFB.AWSS3Light.Abstractions.csproj", "{B07FE253-B2CB-42D5-AEC4-14525211386F}"
EndProject
Project("{FAE04EC0-301F-11D3-BF4B-00C04F79EFBC}") = "BFB.AWSS3Light.DataAccess.MongoDB", "src\BFB.AWSS3Light.DataAccess.MongoDB\BFB.AWSS3Light.DataAccess.MongoDB.csproj", "{BBA81935-B901-46CC-88B6-18E2C49F6B75}"
EndProject
Project("{FAE04EC0-301F-11D3-BF4B-00C04F79EFBC}") = "BFB.AWSS3Light.BusinessServices", "src\BFB.AWSS3Light.BusinessServices\BFB.AWSS3Light.BusinessServices.csproj", "{957664ED-450F-4138-BC99-91A4A7EEDC13}"
EndProject
Project("{FAE04EC0-301F-11D3-BF4B-00C04F79EFBC}") = "BFB.AWSS3Light.API", "src\BFB.AWSS3Light.API\BFB.AWSS3Light.API.csproj", "{AA1121FC-49B7-4E26-9483-71902EB597D4}"
EndProject
Project("{FAE04EC0-301F-11D3-BF4B-00C04F79EFBC}") = "BFB.AWSS3Light.DataAccess.DB2", "src\BFB.AWSS3Light.DataAccess.DB2\BFB.AWSS3Light.DataAccess.DB2.csproj", "{04A4C1F0-BDA7-416C-ABAD-5C5C977E1A53}"
EndProject
Project("{FAE04EC0-301F-11D3-BF4B-00C04F79EFBC}") = "BFB.AWSS3Light.Messaging.Kafka", "src\BFB.AWSS3Light.Messaging.Kafka\BFB.AWSS3Light.Messaging.Kafka.csproj", "{19F11440-F03A-4AC7-9CD5-11BD047E1CEF}"
EndProject
Project("{FAE04EC0-301F-11D3-BF4B-00C04F79EFBC}") = "BFB.AWSS3Light.RemoteAccess.RestApi", "src\BFB.AWSS3Light.RemoteAccess.RestApi\BFB.AWSS3Light.RemoteAccess.RestApi.csproj", "{C5405A6C-C2A7-4E22-BEE8-A2ACDFA7AAB1}"
EndProject
Project("{FAE04EC0-301F-11D3-BF4B-00C04F79EFBC}") = "BFB.AWSS3Light.DataAccess.SqlServer", "src\BFB.AWSS3Light.DataAccess.SqlServer\BFB.AWSS3Light.DataAccess.SqlServer.csproj", "{89A6403B-27B0-4B1A-9015-FA87DD7098A9}"
EndProject
Project("{FAE04EC0-301F-11D3-BF4B-00C04F79EFBC}") = "BFB.AWSS3Light.DataAccess.Oracle", "src\BFB.AWSS3Light.DataAccess.Oracle\BFB.AWSS3Light.DataAccess.Oracle.csproj", "{F1A2B3C4-D5E6-47F8-89A0-B1C2D3E4F5A6}"
EndProject
Project("{FAE04EC0-301F-11D3-BF4B-00C04F79EFBC}") = "BFB.AWSS3Light.Storage.S3", "src\BFB.AWSS3Light.Storage.S3\BFB.AWSS3Light.Storage.S3.csproj", "{A1B2C3D4-E5F6-4788-9A0B-C1D2E3F4A5B6}"
EndProject
Project("{FAE04EC0-301F-11D3-BF4B-00C04F79EFBC}") = "BFB.AWSS3Light.Cache.Redis", "src\BFB.AWSS3Light.Cache.Redis\BFB.AWSS3Light.Cache.Redis.csproj", "{D1E2F3A4-B5C6-47D8-89E0-F1A2B3C4D5E6}"
EndProject
Project("{FAE04EC0-301F-11D3-BF4B-00C04F79EFBC}") = "BFB.AWSS3Light.Security.JWT", "src\BFB.AWSS3Light.Security.JWT\BFB.AWSS3Light.Security.JWT.csproj", "{E1F2A3B4-C5D6-47E8-89F0-A1B2C3D4E5F6}"
EndProject
Project("{FAE04EC0-301F-11D3-BF4B-00C04F79EFBC}") = "BFB.AWSS3Light.Http", "src\BFB.AWSS3Light.Http\BFB.AWSS3Light.Http.csproj", "{F2A3B4C5-D6E7-48F9-9A0B-B2C3D4E5F6A7}"
EndProject
Global
	GlobalSection(SolutionConfigurationPlatforms) = preSolution
		Debug|Any CPU = Debug|Any CPU
		Debug|x64 = Debug|x64
		Debug|x86 = Debug|x86
		Release|Any CPU = Release|Any CPU
		Release|x64 = Release|x64
		Release|x86 = Release|x86
	EndGlobalSection
	GlobalSection(ProjectConfigurationPlatforms) = postSolution
		{B07FE253-B2CB-42D5-AEC4-14525211386F}.Debug|Any CPU.ActiveCfg = Debug|Any CPU
		{B07FE253-B2CB-42D5-AEC4-14525211386F}.Debug|Any CPU.Build.0 = Debug|Any CPU
		{B07FE253-B2CB-42D5-AEC4-14525211386F}.Debug|x64.ActiveCfg = Debug|Any CPU
		{B07FE253-B2CB-42D5-AEC4-14525211386F}.Debug|x64.Build.0 = Debug|Any CPU
		{B07FE253-B2CB-42D5-AEC4-14525211386F}.Debug|x86.ActiveCfg = Debug|Any CPU
		{B07FE253-B2CB-42D5-AEC4-14525211386F}.Debug|x86.Build.0 = Debug|Any CPU
		{B07FE253-B2CB-42D5-AEC4-14525211386F}.Release|Any CPU.ActiveCfg = Release|Any CPU
		{B07FE253-B2CB-42D5-AEC4-14525211386F}.Release|Any CPU.Build.0 = Release|Any CPU
		{B07FE253-B2CB-42D5-AEC4-14525211386F}.Release|x64.ActiveCfg = Release|Any CPU
		{B07FE253-B2CB-42D5-AEC4-14525211386F}.Release|x64.Build.0 = Release|Any CPU
		{B07FE253-B2CB-42D5-AEC4-14525211386F}.Release|x86.ActiveCfg = Release|Any CPU
		{B07FE253-B2CB-42D5-AEC4-14525211386F}.Release|x86.Build.0 = Release|Any CPU
		{BBA81935-B901-46CC-88B6-18E2C49F6B75}.Debug|Any CPU.ActiveCfg = Debug|Any CPU
		{BBA81935-B901-46CC-88B6-18E2C49F6B75}.Debug|Any CPU.Build.0 = Debug|Any CPU
		{BBA81935-B901-46CC-88B6-18E2C49F6B75}.Debug|x64.ActiveCfg = Debug|Any CPU
		{BBA81935-B901-46CC-88B6-18E2C49F6B75}.Debug|x64.Build.0 = Debug|Any CPU
		{BBA81935-B901-46CC-88B6-18E2C49F6B75}.Debug|x86.ActiveCfg = Debug|Any CPU
		{BBA81935-B901-46CC-88B6-18E2C49F6B75}.Debug|x86.Build.0 = Debug|Any CPU
		{BBA81935-B901-46CC-88B6-18E2C49F6B75}.Release|Any CPU.ActiveCfg = Release|Any CPU
		{BBA81935-B901-46CC-88B6-18E2C49F6B75}.Release|Any CPU.Build.0 = Release|Any CPU
		{BBA81935-B901-46CC-88B6-18E2C49F6B75}.Release|x64.ActiveCfg = Release|Any CPU
		{BBA81935-B901-46CC-88B6-18E2C49F6B75}.Release|x64.Build.0 = Release|Any CPU
		{BBA81935-B901-46CC-88B6-18E2C49F6B75}.Release|x86.ActiveCfg = Release|Any CPU
		{BBA81935-B901-46CC-88B6-18E2C49F6B75}.Release|x86.Build.0 = Release|Any CPU
		{957664ED-450F-4138-BC99-91A4A7EEDC13}.Debug|Any CPU.ActiveCfg = Debug|Any CPU
		{957664ED-450F-4138-BC99-91A4A7EEDC13}.Debug|Any CPU.Build.0 = Debug|Any CPU
		{957664ED-450F-4138-BC99-91A4A7EEDC13}.Debug|x64.ActiveCfg = Debug|Any CPU
		{957664ED-450F-4138-BC99-91A4A7EEDC13}.Debug|x64.Build.0 = Debug|Any CPU
		{957664ED-450F-4138-BC99-91A4A7EEDC13}.Debug|x86.ActiveCfg = Debug|Any CPU
		{957664ED-450F-4138-BC99-91A4A7EEDC13}.Debug|x86.Build.0 = Debug|Any CPU
		{957664ED-450F-4138-BC99-91A4A7EEDC13}.Release|Any CPU.ActiveCfg = Release|Any CPU
		{957664ED-450F-4138-BC99-91A4A7EEDC13}.Release|Any CPU.Build.0 = Release|Any CPU
		{957664ED-450F-4138-BC99-91A4A7EEDC13}.Release|x64.ActiveCfg = Release|Any CPU
		{957664ED-450F-4138-BC99-91A4A7EEDC13}.Release|x64.Build.0 = Release|Any CPU
		{957664ED-450F-4138-BC99-91A4A7EEDC13}.Release|x86.ActiveCfg = Release|Any CPU
		{957664ED-450F-4138-BC99-91A4A7EEDC13}.Release|x86.Build.0 = Release|Any CPU
		{AA1121FC-49B7-4E26-9483-71902EB597D4}.Debug|Any CPU.ActiveCfg = Debug|Any CPU
		{AA1121FC-49B7-4E26-9483-71902EB597D4}.Debug|Any CPU.Build.0 = Debug|Any CPU
		{AA1121FC-49B7-4E26-9483-71902EB597D4}.Debug|x64.ActiveCfg = Debug|Any CPU
		{AA1121FC-49B7-4E26-9483-71902EB597D4}.Debug|x64.Build.0 = Debug|Any CPU
		{AA1121FC-49B7-4E26-9483-71902EB597D4}.Debug|x86.ActiveCfg = Debug|Any CPU
		{AA1121FC-49B7-4E26-9483-71902EB597D4}.Debug|x86.Build.0 = Debug|Any CPU
		{AA1121FC-49B7-4E26-9483-71902EB597D4}.Release|Any CPU.ActiveCfg = Release|Any CPU
		{AA1121FC-49B7-4E26-9483-71902EB597D4}.Release|Any CPU.Build.0 = Release|Any CPU
		{AA1121FC-49B7-4E26-9483-71902EB597D4}.Release|x64.ActiveCfg = Release|Any CPU
		{AA1121FC-49B7-4E26-9483-71902EB597D4}.Release|x64.Build.0 = Release|Any CPU
		{AA1121FC-49B7-4E26-9483-71902EB597D4}.Release|x86.ActiveCfg = Release|Any CPU
		{AA1121FC-49B7-4E26-9483-71902EB597D4}.Release|x86.Build.0 = Release|Any CPU
		{04A4C1F0-BDA7-416C-ABAD-5C5C977E1A53}.Debug|Any CPU.ActiveCfg = Debug|Any CPU
		{04A4C1F0-BDA7-416C-ABAD-5C5C977E1A53}.Debug|Any CPU.Build.0 = Debug|Any CPU
		{04A4C1F0-BDA7-416C-ABAD-5C5C977E1A53}.Debug|x64.ActiveCfg = Debug|Any CPU
		{04A4C1F0-BDA7-416C-ABAD-5C5C977E1A53}.Debug|x64.Build.0 = Debug|Any CPU
		{04A4C1F0-BDA7-416C-ABAD-5C5C977E1A53}.Debug|x86.ActiveCfg = Debug|Any CPU
		{04A4C1F0-BDA7-416C-ABAD-5C5C977E1A53}.Debug|x86.Build.0 = Debug|Any CPU
		{04A4C1F0-BDA7-416C-ABAD-5C5C977E1A53}.Release|Any CPU.ActiveCfg = Release|Any CPU
		{04A4C1F0-BDA7-416C-ABAD-5C5C977E1A53}.Release|Any CPU.Build.0 = Release|Any CPU
		{04A4C1F0-BDA7-416C-ABAD-5C5C977E1A53}.Release|x64.ActiveCfg = Release|Any CPU
		{04A4C1F0-BDA7-416C-ABAD-5C5C977E1A53}.Release|x64.Build.0 = Release|Any CPU
		{04A4C1F0-BDA7-416C-ABAD-5C5C977E1A53}.Release|x86.ActiveCfg = Release|Any CPU
		{04A4C1F0-BDA7-416C-ABAD-5C5C977E1A53}.Release|x86.Build.0 = Release|Any CPU
		{19F11440-F03A-4AC7-9CD5-11BD047E1CEF}.Debug|Any CPU.ActiveCfg = Debug|Any CPU
		{19F11440-F03A-4AC7-9CD5-11BD047E1CEF}.Debug|Any CPU.Build.0 = Debug|Any CPU
		{19F11440-F03A-4AC7-9CD5-11BD047E1CEF}.Debug|x64.ActiveCfg = Debug|Any CPU
		{19F11440-F03A-4AC7-9CD5-11BD047E1CEF}.Debug|x64.Build.0 = Debug|Any CPU
		{19F11440-F03A-4AC7-9CD5-11BD047E1CEF}.Debug|x86.ActiveCfg = Debug|Any CPU
		{19F11440-F03A-4AC7-9CD5-11BD047E1CEF}.Debug|x86.Build.0 = Debug|Any CPU
		{19F11440-F03A-4AC7-9CD5-11BD047E1CEF}.Release|Any CPU.ActiveCfg = Release|Any CPU
		{19F11440-F03A-4AC7-9CD5-11BD047E1CEF}.Release|Any CPU.Build.0 = Release|Any CPU
		{19F11440-F03A-4AC7-9CD5-11BD047E1CEF}.Release|x64.ActiveCfg = Release|Any CPU
		{19F11440-F03A-4AC7-9CD5-11BD047E1CEF}.Release|x64.Build.0 = Release|Any CPU
		{19F11440-F03A-4AC7-9CD5-11BD047E1CEF}.Release|x86.ActiveCfg = Release|Any CPU
		{19F11440-F03A-4AC7-9CD5-11BD047E1CEF}.Release|x86.Build.0 = Release|Any CPU
		{C5405A6C-C2A7-4E22-BEE8-A2ACDFA7AAB1}.Debug|Any CPU.ActiveCfg = Debug|Any CPU
		{C5405A6C-C2A7-4E22-BEE8-A2ACDFA7AAB1}.Debug|Any CPU.Build.0 = Debug|Any CPU
		{C5405A6C-C2A7-4E22-BEE8-A2ACDFA7AAB1}.Debug|x64.ActiveCfg = Debug|Any CPU
		{C5405A6C-C2A7-4E22-BEE8-A2ACDFA7AAB1}.Debug|x64.Build.0 = Debug|Any CPU
		{C5405A6C-C2A7-4E22-BEE8-A2ACDFA7AAB1}.Debug|x86.ActiveCfg = Debug|Any CPU
		{C5405A6C-C2A7-4E22-BEE8-A2ACDFA7AAB1}.Debug|x86.Build.0 = Debug|Any CPU
		{C5405A6C-C2A7-4E22-BEE8-A2ACDFA7AAB1}.Release|Any CPU.ActiveCfg = Release|Any CPU
		{C5405A6C-C2A7-4E22-BEE8-A2ACDFA7AAB1}.Release|Any CPU.Build.0 = Release|Any CPU
		{C5405A6C-C2A7-4E22-BEE8-A2ACDFA7AAB1}.Release|x64.ActiveCfg = Release|Any CPU
		{C5405A6C-C2A7-4E22-BEE8-A2ACDFA7AAB1}.Release|x64.Build.0 = Release|Any CPU
		{C5405A6C-C2A7-4E22-BEE8-A2ACDFA7AAB1}.Release|x86.ActiveCfg = Release|Any CPU
		{C5405A6C-C2A7-4E22-BEE8-A2ACDFA7AAB1}.Release|x86.Build.0 = Release|Any CPU
		{89A6403B-27B0-4B1A-9015-FA87DD7098A9}.Debug|Any CPU.ActiveCfg = Debug|Any CPU
		{89A6403B-27B0-4B1A-9015-FA87DD7098A9}.Debug|Any CPU.Build.0 = Debug|Any CPU
		{89A6403B-27B0-4B1A-9015-FA87DD7098A9}.Debug|x64.ActiveCfg = Debug|Any CPU
		{89A6403B-27B0-4B1A-9015-FA87DD7098A9}.Debug|x64.Build.0 = Debug|Any CPU
		{89A6403B-27B0-4B1A-9015-FA87DD7098A9}.Debug|x86.ActiveCfg = Debug|Any CPU
		{89A6403B-27B0-4B1A-9015-FA87DD7098A9}.Debug|x86.Build.0 = Debug|Any CPU
		{89A6403B-27B0-4B1A-9015-FA87DD7098A9}.Release|Any CPU.ActiveCfg = Release|Any CPU
		{89A6403B-27B0-4B1A-9015-FA87DD7098A9}.Release|Any CPU.Build.0 = Release|Any CPU
		{89A6403B-27B0-4B1A-9015-FA87DD7098A9}.Release|x64.ActiveCfg = Release|Any CPU
		{89A6403B-27B0-4B1A-9015-FA87DD7098A9}.Release|x64.Build.0 = Release|Any CPU		
		{89A6403B-27B0-4B1A-9015-FA87DD7098A9}.Release|x86.ActiveCfg = Release|Any CPU
		{89A6403B-27B0-4B1A-9015-FA87DD7098A9}.Release|x86.Build.0 = Release|Any CPU
		{D1E2F3A4-B5C6-47D8-89E0-F1A2B3C4D5E6}.Debug|Any CPU.ActiveCfg = Debug|Any CPU
		{D1E2F3A4-B5C6-47D8-89E0-F1A2B3C4D5E6}.Debug|Any CPU.Build.0 = Debug|Any CPU
		{D1E2F3A4-B5C6-47D8-89E0-F1A2B3C4D5E6}.Debug|x64.ActiveCfg = Debug|Any CPU
		{D1E2F3A4-B5C6-47D8-89E0-F1A2B3C4D5E6}.Debug|x64.Build.0 = Debug|Any CPU
		{D1E2F3A4-B5C6-47D8-89E0-F1A2B3C4D5E6}.Debug|x86.ActiveCfg = Debug|Any CPU
		{D1E2F3A4-B5C6-47D8-89E0-F1A2B3C4D5E6}.Debug|x86.Build.0 = Debug|Any CPU
		{D1E2F3A4-B5C6-47D8-89E0-F1A2B3C4D5E6}.Release|Any CPU.ActiveCfg = Release|Any CPU
		{D1E2F3A4-B5C6-47D8-89E0-F1A2B3C4D5E6}.Release|Any CPU.Build.0 = Release|Any CPU
		{D1E2F3A4-B5C6-47D8-89E0-F1A2B3C4D5E6}.Release|x64.ActiveCfg = Release|Any CPU
		{D1E2F3A4-B5C6-47D8-89E0-F1A2B3C4D5E6}.Release|x64.Build.0 = Release|Any CPU
		{D1E2F3A4-B5C6-47D8-89E0-F1A2B3C4D5E6}.Release|x86.ActiveCfg = Release|Any CPU
		{D1E2F3A4-B5C6-47D8-89E0-F1A2B3C4D5E6}.Release|x86.Build.0 = Release|Any CPU
		{E1F2A3B4-C5D6-47E8-89F0-A1B2C3D4E5F6}.Debug|Any CPU.ActiveCfg = Debug|Any CPU
		{E1F2A3B4-C5D6-47E8-89F0-A1B2C3D4E5F6}.Debug|Any CPU.Build.0 = Debug|Any CPU
		{E1F2A3B4-C5D6-47E8-89F0-A1B2C3D4E5F6}.Debug|x64.ActiveCfg = Debug|Any CPU
		{E1F2A3B4-C5D6-47E8-89F0-A1B2C3D4E5F6}.Debug|x64.Build.0 = Debug|Any CPU
		{E1F2A3B4-C5D6-47E8-89F0-A1B2C3D4E5F6}.Debug|x86.ActiveCfg = Debug|Any CPU
		{E1F2A3B4-C5D6-47E8-89F0-A1B2C3D4E5F6}.Debug|x86.Build.0 = Debug|Any CPU
		{E1F2A3B4-C5D6-47E8-89F0-A1B2C3D4E5F6}.Release|Any CPU.ActiveCfg = Release|Any CPU
		{E1F2A3B4-C5D6-47E8-89F0-A1B2C3D4E5F6}.Release|Any CPU.Build.0 = Release|Any CPU
		{E1F2A3B4-C5D6-47E8-89F0-A1B2C3D4E5F6}.Release|x64.ActiveCfg = Release|Any CPU
		{E1F2A3B4-C5D6-47E8-89F0-A1B2C3D4E5F6}.Release|x64.Build.0 = Release|Any CPU
		{E1F2A3B4-C5D6-47E8-89F0-A1B2C3D4E5F6}.Release|x86.ActiveCfg = Release|Any CPU
		{E1F2A3B4-C5D6-47E8-89F0-A1B2C3D4E5F6}.Release|x86.Build.0 = Release|Any CPU
		{F2A3B4C5-D6E7-48F9-9A0B-B2C3D4E5F6A7}.Debug|Any CPU.ActiveCfg = Debug|Any CPU
		{F2A3B4C5-D6E7-48F9-9A0B-B2C3D4E5F6A7}.Debug|Any CPU.Build.0 = Debug|Any CPU
		{F2A3B4C5-D6E7-48F9-9A0B-B2C3D4E5F6A7}.Debug|x64.ActiveCfg = Debug|Any CPU
		{F2A3B4C5-D6E7-48F9-9A0B-B2C3D4E5F6A7}.Debug|x64.Build.0 = Debug|Any CPU
		{F2A3B4C5-D6E7-48F9-9A0B-B2C3D4E5F6A7}.Debug|x86.ActiveCfg = Debug|Any CPU
		{F2A3B4C5-D6E7-48F9-9A0B-B2C3D4E5F6A7}.Debug|x86.Build.0 = Debug|Any CPU
		{F2A3B4C5-D6E7-48F9-9A0B-B2C3D4E5F6A7}.Release|Any CPU.ActiveCfg = Release|Any CPU
		{F2A3B4C5-D6E7-48F9-9A0B-B2C3D4E5F6A7}.Release|Any CPU.Build.0 = Release|Any CPU
		{F2A3B4C5-D6E7-48F9-9A0B-B2C3D4E5F6A7}.Release|x64.ActiveCfg = Release|Any CPU
		{F2A3B4C5-D6E7-48F9-9A0B-B2C3D4E5F6A7}.Release|x64.Build.0 = Release|Any CPU
		{F2A3B4C5-D6E7-48F9-9A0B-B2C3D4E5F6A7}.Release|x86.ActiveCfg = Release|Any CPU
		{F2A3B4C5-D6E7-48F9-9A0B-B2C3D4E5F6A7}.Release|x86.Build.0 = Release|Any CPU
		{F1A2B3C4-D5E6-47F8-89A0-B1C2D3E4F5A6}.Debug|Any CPU.ActiveCfg = Debug|Any CPU
		{F1A2B3C4-D5E6-47F8-89A0-B1C2D3E4F5A6}.Debug|Any CPU.Build.0 = Debug|Any CPU
		{F1A2B3C4-D5E6-47F8-89A0-B1C2D3E4F5A6}.Debug|x64.ActiveCfg = Debug|Any CPU
		{F1A2B3C4-D5E6-47F8-89A0-B1C2D3E4F5A6}.Debug|x64.Build.0 = Debug|Any CPU
		{F1A2B3C4-D5E6-47F8-89A0-B1C2D3E4F5A6}.Debug|x86.ActiveCfg = Debug|Any CPU
		{F1A2B3C4-D5E6-47F8-89A0-B1C2D3E4F5A6}.Debug|x86.Build.0 = Debug|Any CPU
		{F1A2B3C4-D5E6-47F8-89A0-B1C2D3E4F5A6}.Release|Any CPU.ActiveCfg = Release|Any CPU
		{F1A2B3C4-D5E6-47F8-89A0-B1C2D3E4F5A6}.Release|Any CPU.Build.0 = Release|Any CPU
		{F1A2B3C4-D5E6-47F8-89A0-B1C2D3E4F5A6}.Release|x64.ActiveCfg = Release|Any CPU
		{F1A2B3C4-D5E6-47F8-89A0-B1C2D3E4F5A6}.Release|x64.Build.0 = Release|Any CPU
		{F1A2B3C4-D5E6-47F8-89A0-B1C2D3E4F5A6}.Release|x86.ActiveCfg = Release|Any CPU
		{F1A2B3C4-D5E6-47F8-89A0-B1C2D3E4F5A6}.Release|x86.Build.0 = Release|Any CPU
		{A1B2C3D4-E5F6-4788-9A0B-C1D2E3F4A5B6}.Debug|Any CPU.ActiveCfg = Debug|Any CPU
		{A1B2C3D4-E5F6-4788-9A0B-C1D2E3F4A5B6}.Debug|Any CPU.Build.0 = Debug|Any CPU
		{A1B2C3D4-E5F6-4788-9A0B-C1D2E3F4A5B6}.Debug|x64.ActiveCfg = Debug|Any CPU
		{A1B2C3D4-E5F6-4788-9A0B-C1D2E3F4A5B6}.Debug|x64.Build.0 = Debug|Any CPU
		{A1B2C3D4-E5F6-4788-9A0B-C1D2E3F4A5B6}.Debug|x86.ActiveCfg = Debug|Any CPU
		{A1B2C3D4-E5F6-4788-9A0B-C1D2E3F4A5B6}.Debug|x86.Build.0 = Debug|Any CPU
		{A1B2C3D4-E5F6-4788-9A0B-C1D2E3F4A5B6}.Release|Any CPU.ActiveCfg = Release|Any CPU
		{A1B2C3D4-E5F6-4788-9A0B-C1D2E3F4A5B6}.Release|Any CPU.Build.0 = Release|Any CPU
		{A1B2C3D4-E5F6-4788-9A0B-C1D2E3F4A5B6}.Release|x64.ActiveCfg = Release|Any CPU
		{A1B2C3D4-E5F6-4788-9A0B-C1D2E3F4A5B6}.Release|x64.Build.0 = Release|Any CPU
		{A1B2C3D4-E5F6-4788-9A0B-C1D2E3F4A5B6}.Release|x86.ActiveCfg = Release|Any CPU
		{A1B2C3D4-E5F6-4788-9A0B-C1D2E3F4A5B6}.Release|x86.Build.0 = Release|Any CPU
	EndGlobalSection
	GlobalSection(SolutionProperties) = preSolution
		HideSolutionNode = FALSE
	EndGlobalSection
	GlobalSection(NestedProjects) = preSolution
		{B07FE253-B2CB-42D5-AEC4-14525211386F} = {827E0CD3-B72D-47B6-A68D-7590B98EB39B}
		{BBA81935-B901-46CC-88B6-18E2C49F6B75} = {827E0CD3-B72D-47B6-A68D-7590B98EB39B}
		{957664ED-450F-4138-BC99-91A4A7EEDC13} = {827E0CD3-B72D-47B6-A68D-7590B98EB39B}
		{AA1121FC-49B7-4E26-9483-71902EB597D4} = {827E0CD3-B72D-47B6-A68D-7590B98EB39B}
		{04A4C1F0-BDA7-416C-ABAD-5C5C977E1A53} = {827E0CD3-B72D-47B6-A68D-7590B98EB39B}
		{19F11440-F03A-4AC7-9CD5-11BD047E1CEF} = {827E0CD3-B72D-47B6-A68D-7590B98EB39B}		
		{C5405A6C-C2A7-4E22-BEE8-A2ACDFA7AAB1} = {827E0CD3-B72D-47B6-A68D-7590B98EB39B}
		{89A6403B-27B0-4B1A-9015-FA87DD7098A9} = {827E0CD3-B72D-47B6-A68D-7590B98EB39B}
		{F1A2B3C4-D5E6-47F8-89A0-B1C2D3E4F5A6} = {827E0CD3-B72D-47B6-A68D-7590B98EB39B}
		{A1B2C3D4-E5F6-4788-9A0B-C1D2E3F4A5B6} = {827E0CD3-B72D-47B6-A68D-7590B98EB39B}
		{D1E2F3A4-B5C6-47D8-89E0-F1A2B3C4D5E6} = {827E0CD3-B72D-47B6-A68D-7590B98EB39B}
		{E1F2A3B4-C5D6-47E8-89F0-A1B2C3D4E5F6} = {827E0CD3-B72D-47B6-A68D-7590B98EB39B}
		{F2A3B4C5-D6E7-48F9-9A0B-B2C3D4E5F6A7} = {827E0CD3-B72D-47B6-A68D-7590B98EB39B}
	EndGlobalSection
EndGlobal
